<?xml version="1.0" encoding="utf-8"?>
<Project ToolsVersion="12.0" xmlns="http://schemas.microsoft.com/developer/msbuild/2003">
  <ItemGroup>
    <Filter Include="Resources">
      <UniqueIdentifier>e7ae66f2-35e5-4246-af0d-42c7b7b56828</UniqueIdentifier>
      <Extensions>rc;ico;cur;bmp;dlg;rc2;rct;bin;rgs;gif;jpg;jpeg;jpe;resx;tiff;tif;png;wav;mfcribbon-ms</Extensions>
    </Filter>
    <Filter Include="FlyoutService">
      <UniqueIdentifier>{cb22ad5b-2901-4727-ad2f-a5fb315bd909}</UniqueIdentifier>
    </Filter>
  </ItemGroup>
  <ItemGroup>
    <ClCompile Include="pch.cpp" />
    <ClCompile Include="FlyoutService.Flyout.cpp">
      <Filter>FlyoutService</Filter>
    </ClCompile>
    <ClCompile Include="FlyoutService.FlyoutContext.cpp">
      <Filter>FlyoutService</Filter>
    </ClCompile>
    <ClCompile Include="FlyoutService.Popup.cpp">
      <Filter>FlyoutService</Filter>
    </ClCompile>
    <ClCompile Include="FlyoutService.SettingsFlyout.cpp">
      <Filter>FlyoutService</Filter>
    </ClCompile>
    <ClCompile Include="FlyoutService.SupportNestedFlyouts.cpp">
      <Filter>FlyoutService</Filter>
    </ClCompile>
  </ItemGroup>
  <ItemGroup>
    <ClInclude Include="pch.h" />
    <ClInclude Include="FlyoutService.h">
      <Filter>FlyoutService</Filter>
    </ClInclude>
  </ItemGroup>
</Project>