<?xml version="1.0" encoding="utf-8"?>
<Project ToolsVersion="12.0" xmlns="http://schemas.microsoft.com/developer/msbuild/2003">
  <ItemGroup>
    <Filter Include="Resources">
      <UniqueIdentifier>c2d278b7-0bd7-4afc-b9fa-a1d4b63189d3</UniqueIdentifier>
      <Extensions>rc;ico;cur;bmp;dlg;rc2;rct;bin;rgs;gif;jpg;jpeg;jpe;resx;tiff;tif;png;wav;mfcribbon-ms</Extensions>
    </Filter>
    <Filter Include="FlyoutService">
      <UniqueIdentifier>{23498b00-062d-4ec8-9a56-8ce1d8d68032}</UniqueIdentifier>
    </Filter>
  </ItemGroup>
  <ItemGroup>
    <ClCompile Include="pch.cpp" />
    <ClCompile Include="FlyoutService.Flyout.cpp">
      <Filter>FlyoutService</Filter>
    </ClCompile>
    <ClCompile Include="FlyoutService.FlyoutContext.cpp">
      <Filter>FlyoutService</Filter>
    </ClCompile>
    <ClCompile Include="FlyoutService.SupportNestedFlyouts.cpp">
      <Filter>FlyoutService</Filter>
    </ClCompile>
    <ClCompile Include="FlyoutService.SettingsFlyout.cpp">
      <Filter>FlyoutService</Filter>
    </ClCompile>
  </ItemGroup>
  <ItemGroup>
    <ClInclude Include="pch.h" />
    <ClInclude Include="FlyoutService.h">
      <Filter>FlyoutService</Filter>
    </ClInclude>
  </ItemGroup>
</Project>